{
  "name": "lab6",
  "version": "1.0.0",
  "lockfileVersion": 1,
  "requires": true,
  "dependencies": {
    "nodemailer": {
      "version": "6.6.5",
      "resolved": "https://registry.npmjs.org/nodemailer/-/nodemailer-6.6.5.tgz",
      "integrity": "sha512-C/v856DBijUzHcHIgGpQoTrfsH3suKIRAGliIzCstatM2cAa+MYX3LuyCrABiO/cdJTxgBBHXxV1ztiqUwst5A=="
    },
    "vdm0603": {
      "version": "1.0.0",
      "resolved": "https://registry.npmjs.org/vdm0603/-/vdm0603-1.0.0.tgz",
      "integrity": "sha512-IQhHYiKR2rMXKEiY2Ji8sNDYA+WtjFGPkBkmjYUnM5Cot/mo5cB4HfIGx+J0bPv6/Vu6w7xjgawZohAL3DluvQ==",
      "requires": {
        "nodemailer": "^6.6.5"
      }
    }
  }
}
